<?xml version="1.0" encoding="utf-8"?>
<Project ToolsVersion="4.0" xmlns="http://schemas.microsoft.com/developer/msbuild/2003">
  <ItemGroup>
    <Filter Include="Source Files">
      <UniqueIdentifier>{4FC737F1-C7A5-4376-A066-2A32D752A2FF}</UniqueIdentifier>
      <Extensions>cpp;c;cc;cxx;def;odl;idl;hpj;bat;asm;asmx</Extensions>
    </Filter>
    <Filter Include="Header Files">
      <UniqueIdentifier>{93995380-89BD-4b04-88EB-625FBE52EBFB}</UniqueIdentifier>
      <Extensions>h;hh;hpp;hxx;hm;inl;inc;xsd</Extensions>
    </Filter>
    <Filter Include="Resource Files">
      <UniqueIdentifier>{67DA6AB6-F800-4c08-8B7A-83BB121AAD01}</UniqueIdentifier>
      <Extensions>rc;ico;cur;bmp;dlg;rc2;rct;bin;rgs;gif;jpg;jpeg;jpe;resx;tiff;tif;png;wav;mfcribbon-ms</Extensions>
    </Filter>
    <Filter Include="Source Files\Window">
      <UniqueIdentifier>{a2413401-7c4b-47d9-bc9c-aa082387b292}</UniqueIdentifier>
    </Filter>
    <Filter Include="Source Files\Scene">
      <UniqueIdentifier>{456d94cd-58b0-448f-b453-72af729fdf16}</UniqueIdentifier>
    </Filter>
    <Filter Include="Source Files\Light">
      <UniqueIdentifier>{695bb513-3c38-4dc0-a030-c7b80810c792}</UniqueIdentifier>
    </Filter>
    <Filter Include="Source Files\Animation">
      <UniqueIdentifier>{69d3b762-6b7a-4128-a6eb-00e7dce7eceb}</UniqueIdentifier>
    </Filter>
    <Filter Include="Source Files\Texture">
      <UniqueIdentifier>{ec953c25-6b29-4ec1-83e2-6ed3c06de668}</UniqueIdentifier>
    </Filter>
    <Filter Include="Source Files\Shader">
      <UniqueIdentifier>{406e8cf5-4b5d-41e9-a825-4ae0cc536ac3}</UniqueIdentifier>
    </Filter>
    <Filter Include="Source Files\Model">
      <UniqueIdentifier>{7bee6446-ea44-4545-a606-207c8456f80f}</UniqueIdentifier>
    </Filter>
  </ItemGroup>
  <ItemGroup>
    <ClInclude Include="resource.h">
      <Filter>Header Files</Filter>
    </ClInclude>
    <ClInclude Include="window.h">
      <Filter>Source Files\Window</Filter>
    </ClInclude>
    <ClInclude Include="vs_adapter.h">
      <Filter>Source Files</Filter>
    </ClInclude>
    <ClInclude Include="camera.h">
      <Filter>Source Files\Scene</Filter>
    </ClInclude>
    <ClInclude Include="parameters.h">
      <Filter>Source Files\Scene</Filter>
    </ClInclude>
    <ClInclude Include="render.h">
      <Filter>Source Files\Scene</Filter>
    </ClInclude>
    <ClInclude Include="scene.h">
      <Filter>Source Files\Scene</Filter>
    </ClInclude>
    <ClInclude Include="light.h">
      <Filter>Source Files\Light</Filter>
    </ClInclude>
    <ClInclude Include="animation.h">
      <Filter>Source Files\Animation</Filter>
    </ClInclude>
    <ClInclude Include="frame.h">
      <Filter>Source Files\Animation</Filter>
    </ClInclude>
    <ClInclude Include="texture.h">
      <Filter>Source Files\Texture</Filter>
    </ClInclude>
    <ClInclude Include="shprogram.h">
      <Filter>Source Files\Shader</Filter>
    </ClInclude>
    <ClInclude Include="mesh.h">
      <Filter>Source Files\Model</Filter>
    </ClInclude>
    <ClInclude Include="model.h">
      <Filter>Source Files\Model</Filter>
    </ClInclude>
    <ClInclude Include="modelComponent.h">
      <Filter>Source Files\Model</Filter>
    </ClInclude>
    <ClInclude Include="modelComposite.h">
      <Filter>Source Files\Model</Filter>
    </ClInclude>
    <ClInclude Include="simpleModel.h">
      <Filter>Source Files\Model</Filter>
    </ClInclude>
    <ClInclude Include="vertex.h">
      <Filter>Source Files\Model</Filter>
    </ClInclude>
    <ClInclude Include="SimpleModelFactory.h">
      <Filter>Source Files\Model</Filter>
    </ClInclude>
    <ClInclude Include="Roombox.h">
      <Filter>Source Files\Texture</Filter>
    </ClInclude>
  </ItemGroup>
  <ItemGroup>
    <ClCompile Include="main.cpp">
      <Filter>Source Files</Filter>
    </ClCompile>
    <ClCompile Include="window.cpp">
      <Filter>Source Files\Window</Filter>
    </ClCompile>
    <ClCompile Include="camera.cpp">
      <Filter>Source Files\Scene</Filter>
    </ClCompile>
    <ClCompile Include="render.cpp">
      <Filter>Source Files\Scene</Filter>
    </ClCompile>
    <ClCompile Include="scene.cpp">
      <Filter>Source Files\Scene</Filter>
    </ClCompile>
    <ClCompile Include="animation.cpp">
      <Filter>Source Files\Animation</Filter>
    </ClCompile>
    <ClCompile Include="frame.cpp">
      <Filter>Source Files\Animation</Filter>
    </ClCompile>
    <ClCompile Include="texture.cpp">
      <Filter>Source Files\Texture</Filter>
    </ClCompile>
    <ClCompile Include="shprogram.cpp">
      <Filter>Source Files\Shader</Filter>
    </ClCompile>
    <ClCompile Include="mesh.cpp">
      <Filter>Source Files\Model</Filter>
    </ClCompile>
    <ClCompile Include="model.cpp">
      <Filter>Source Files\Model</Filter>
    </ClCompile>
    <ClCompile Include="modelComponent.cpp">
      <Filter>Source Files\Model</Filter>
    </ClCompile>
    <ClCompile Include="modelComposite.cpp">
      <Filter>Source Files\Model</Filter>
    </ClCompile>
    <ClCompile Include="simpleModel.cpp">
      <Filter>Source Files\Model</Filter>
    </ClCompile>
    <ClCompile Include="SimpleModelFactory.cpp">
      <Filter>Source Files\Model</Filter>
    </ClCompile>
    <ClCompile Include="Roombox.cpp">
      <Filter>Source Files\Texture</Filter>
    </ClCompile>
  </ItemGroup>
  <ItemGroup>
    <Image Include="..\..\..\..\Desktop\blank.jpg">
      <Filter>Source Files\Texture</Filter>
    </Image>
  </ItemGroup>
  <ItemGroup>
    <None Include="gl_06.frag">
      <Filter>Source Files\Shader</Filter>
    </None>
    <None Include="gl_06.vert">
      <Filter>Source Files\Shader</Filter>
    </None>
    <None Include="Roombox.frag">
      <Filter>Source Files\Shader</Filter>
    </None>
    <None Include="Roombox.vert">
      <Filter>Source Files\Shader</Filter>
    </None>
  </ItemGroup>
</Project>